
Microsoft Visual Studio Solution File, Format Version 12.00
# Visual Studio Version 17
VisualStudioVersion = 17.3.32901.215
MinimumVisualStudioVersion = 10.0.40219.1
Project("{FAE04EC0-301F-11D3-BF4B-00C04F79EFBC}") = "timerorn", "timerorn\timerorn.csproj", "{955F4B41-181C-488D-82D1-44D00572B58F}"
EndProject
Global
	GlobalSection(SolutionConfigurationPlatforms) = preSolution
		Debug|Any CPU = Debug|Any CPU
		Release|Any CPU = Release|Any CPU
	EndGlobalSection
	GlobalSection(ProjectConfigurationPlatforms) = postSolution
		{955F4B41-181C-488D-82D1-44D00572B58F}.Debug|Any CPU.ActiveCfg = Debug|Any CPU
		{955F4B41-181C-488D-82D1-44D00572B58F}.Debug|Any CPU.Build.0 = Debug|Any CPU
		{955F4B41-181C-488D-82D1-44D00572B58F}.Release|Any CPU.ActiveCfg = Release|Any CPU
		{955F4B41-181C-488D-82D1-44D00572B58F}.Release|Any CPU.Build.0 = Release|Any CPU
	EndGlobalSection
	GlobalSection(SolutionProperties) = preSolution
		HideSolutionNode = FALSE
	EndGlobalSection
	GlobalSection(ExtensibilityGlobals) = postSolution
		SolutionGuid = {6A2DA871-5B87-4FFD-912E-202E105612E3}
	EndGlobalSection
EndGlobal
